
Microsoft Visual Studio Solution File, Format Version 12.00
# Visual Studio 15
VisualStudioVersion = 15.0.26730.3
MinimumVisualStudioVersion = 10.0.40219.1
Project("{FAE04EC0-301F-11D3-BF4B-00C04F79EFBC}") = "APIAlturas", "APIAlturas\APIAlturas.csproj", "{A46CD7BF-52DB-41CB-A9F8-F7FA945B50D9}"
EndProject
Project("{00D1A9C2-B5F0-4AF3-8072-F6C62B433612}") = "Scripts", "Scripts\Scripts.sqlproj", "{EFC3CBA8-88D4-4B04-A6F5-5423A1D8ABEE}"
EndProject
Global
	GlobalSection(SolutionConfigurationPlatforms) = preSolution
		Debug|Any CPU = Debug|Any CPU
		Release|Any CPU = Release|Any CPU
	EndGlobalSection
	GlobalSection(ProjectConfigurationPlatforms) = postSolution
		{A46CD7BF-52DB-41CB-A9F8-F7FA945B50D9}.Debug|Any CPU.ActiveCfg = Debug|Any CPU
		{A46CD7BF-52DB-41CB-A9F8-F7FA945B50D9}.Debug|Any CPU.Build.0 = Debug|Any CPU
		{A46CD7BF-52DB-41CB-A9F8-F7FA945B50D9}.Release|Any CPU.ActiveCfg = Release|Any CPU
		{A46CD7BF-52DB-41CB-A9F8-F7FA945B50D9}.Release|Any CPU.Build.0 = Release|Any CPU
		{EFC3CBA8-88D4-4B04-A6F5-5423A1D8ABEE}.Debug|Any CPU.ActiveCfg = Debug|Any CPU
		{EFC3CBA8-88D4-4B04-A6F5-5423A1D8ABEE}.Debug|Any CPU.Build.0 = Debug|Any CPU
		{EFC3CBA8-88D4-4B04-A6F5-5423A1D8ABEE}.Debug|Any CPU.Deploy.0 = Debug|Any CPU
		{EFC3CBA8-88D4-4B04-A6F5-5423A1D8ABEE}.Release|Any CPU.ActiveCfg = Release|Any CPU
		{EFC3CBA8-88D4-4B04-A6F5-5423A1D8ABEE}.Release|Any CPU.Build.0 = Release|Any CPU
		{EFC3CBA8-88D4-4B04-A6F5-5423A1D8ABEE}.Release|Any CPU.Deploy.0 = Release|Any CPU
	EndGlobalSection
	GlobalSection(SolutionProperties) = preSolution
		HideSolutionNode = FALSE
	EndGlobalSection
	GlobalSection(ExtensibilityGlobals) = postSolution
		SolutionGuid = {B80C1CDB-46EE-40A6-94B8-F01694AD3D94}
	EndGlobalSection
EndGlobal
