
Microsoft Visual Studio Solution File, Format Version 12.00
# Visual Studio 15
VisualStudioVersion = 15.0.26730.3
MinimumVisualStudioVersion = 10.0.40219.1
Project("{FAE04EC0-301F-11D3-BF4B-00C04F79EFBC}") = "ConsumoAPIAlturas", "ConsumoAPIAlturas\ConsumoAPIAlturas.csproj", "{B7C2C35B-BE56-4B74-BB7E-7D0445A16726}"
EndProject
Global
	GlobalSection(SolutionConfigurationPlatforms) = preSolution
		Debug|Any CPU = Debug|Any CPU
		Release|Any CPU = Release|Any CPU
	EndGlobalSection
	GlobalSection(ProjectConfigurationPlatforms) = postSolution
		{B7C2C35B-BE56-4B74-BB7E-7D0445A16726}.Debug|Any CPU.ActiveCfg = Debug|Any CPU
		{B7C2C35B-BE56-4B74-BB7E-7D0445A16726}.Debug|Any CPU.Build.0 = Debug|Any CPU
		{B7C2C35B-BE56-4B74-BB7E-7D0445A16726}.Release|Any CPU.ActiveCfg = Release|Any CPU
		{B7C2C35B-BE56-4B74-BB7E-7D0445A16726}.Release|Any CPU.Build.0 = Release|Any CPU
	EndGlobalSection
	GlobalSection(SolutionProperties) = preSolution
		HideSolutionNode = FALSE
	EndGlobalSection
	GlobalSection(ExtensibilityGlobals) = postSolution
		SolutionGuid = {EE963538-5FA3-48E4-93AB-2F0D251CB3E8}
	EndGlobalSection
EndGlobal
